# Generated by pub
# See https://dart.dev/tools/pub/glossary#lockfile
packages:
  web:
    dependency: "direct main"
    description:
      name: web
      sha256: dc8ccd225a2005c1be616fe02951e2e342092edf968cf0844220383757ef8f10
      url: "https://pub.dev"
    source: hosted
    version: "0.1.4-beta"
sdks:
  dart: ">=3.1.0-185.0.dev <4.0.0"
